
Microsoft Visual Studio Solution File, Format Version 12.00
# Visual Studio Version 17
VisualStudioVersion = 17.1.32407.343
MinimumVisualStudioVersion = 10.0.40219.1
Project("{FAE04EC0-301F-11D3-BF4B-00C04F79EFBC}") = "PruebaBBDD", "PruebaBBDD\PruebaBBDD.csproj", "{4A0DC3AB-0E81-4F89-A65E-2265669F675D}"
EndProject
Global
	GlobalSection(SolutionConfigurationPlatforms) = preSolution
		Debug|Any CPU = Debug|Any CPU
		Release|Any CPU = Release|Any CPU
	EndGlobalSection
	GlobalSection(ProjectConfigurationPlatforms) = postSolution
		{4A0DC3AB-0E81-4F89-A65E-2265669F675D}.Debug|Any CPU.ActiveCfg = Debug|Any CPU
		{4A0DC3AB-0E81-4F89-A65E-2265669F675D}.Debug|Any CPU.Build.0 = Debug|Any CPU
		{4A0DC3AB-0E81-4F89-A65E-2265669F675D}.Release|Any CPU.ActiveCfg = Release|Any CPU
		{4A0DC3AB-0E81-4F89-A65E-2265669F675D}.Release|Any CPU.Build.0 = Release|Any CPU
	EndGlobalSection
	GlobalSection(SolutionProperties) = preSolution
		HideSolutionNode = FALSE
	EndGlobalSection
	GlobalSection(ExtensibilityGlobals) = postSolution
		SolutionGuid = {59DE1ADA-D98E-4664-A46A-5F20093990AA}
	EndGlobalSection
EndGlobal
